# This file is autogenerated, do not edit; changes may be undone by the next 'dep ensure'.


[[projects]]
  digest = "1:6d83aad9c98e13079ad8a4dbc740892edf5384bcd07f1d789bb66cd8ecfae2cd"
  name = "github.com/DataDog/datadog-go"
  packages = ["statsd"]
  pruneopts = "NUT"
  revision = "e67964b4021ad3a334e748e8811eb3cd6becbc6e"
  version = "2.1.0"

[[projects]]
  branch = "master"
  digest = "1:dd49560573b3eeb2993a036b2dfebf301b7ed2c9220a77322b0747f0257cebdc"
  name = "github.com/bluekeyes/hatpear"
  packages = ["."]
  pruneopts = "NUT"
  revision = "ffb42d5bb417aa8e12b3b7ff73d028b915dafa10"

[[projects]]
  digest = "1:a3998b8ea2d61301e5dce8de279e789da031fb36cd98b374e7299591609c34f1"
  name = "github.com/bradleyfalzon/ghinstallation"
  packages = ["."]
  pruneopts = "NUT"
  revision = "3f4e9b1898e6b65e31827d5dccb97d91d59feaa3"
  version = "v0.1.2"

[[projects]]
  digest = "1:ffe9824d294da03b391f44e1ae8281281b4afc1bdaa9588c9097785e3af10cec"
  name = "github.com/davecgh/go-spew"
  packages = ["spew"]
  pruneopts = "NUT"
  revision = "8991bc29aa16c548c550c7ff78260e27b9ab7c73"
  version = "v1.1.1"

[[projects]]
  digest = "1:7a6852b35eb5bbc184561443762d225116ae630c26a7c4d90546619f1e7d2ad2"
  name = "github.com/dgrijalva/jwt-go"
  packages = ["."]
  pruneopts = "NUT"
  revision = "06ea1031745cb8b3dab3f6a236daf2b0aa468b7e"
  version = "v3.2.0"

[[projects]]
  branch = "master"
  digest = "1:ea77235a4b2c30ec49399bc8376fcb9ceab8b7726b7426e845fc651ae56af5f5"
  name = "github.com/die-net/lrucache"
  packages = ["."]
  pruneopts = "NUT"
  revision = "19a39ef22a11a471b23c3beb9cb39903f6cff332"

[[projects]]
  digest = "1:b4303d38d92c00af6603f3b865a9bd20e3c50cebe55489e5aeb721c26750e375"
  name = "github.com/google/go-github"
  packages = ["github"]
  pruneopts = "NUT"
  revision = "7462feb2032c2da9e3b85e9b04e6853a6e9e14ca"
  version = "v24.0.1"

[[projects]]
  digest = "1:a63cff6b5d8b95638bfe300385d93b2a6d9d687734b863da8e09dc834510a690"
  name = "github.com/google/go-querystring"
  packages = ["query"]
  pruneopts = "NUT"
  revision = "44c6ddd0a2342c386950e880b658017258da92fc"
  version = "v1.0.0"

[[projects]]
  branch = "master"
  digest = "1:a2b4fa8b538f6e42d0f38cbdef92e771072d7a64a97ff1512da95554ab2680a1"
  name = "github.com/gregjones/httpcache"
  packages = ["."]
  pruneopts = "NUT"
  revision = "901d90724c7919163f472a9812253fb26761123d"

[[projects]]
  digest = "1:52094d0f8bdf831d1a2401e9b6fee5795fdc0b2a2d1f8bb1980834c289e79129"
  name = "github.com/hashicorp/golang-lru"
  packages = [
    ".",
    "simplelru",
  ]
  pruneopts = "NUT"
  revision = "7087cb70de9f7a8bc0a10c375cb0d2280a8edf9c"
  version = "v0.5.1"

[[projects]]
  digest = "1:406338ad39ab2e37b7f4452906442a3dbf0eb3379dd1f06aafb5c07e769a5fbb"
  name = "github.com/inconshreveable/mousetrap"
  packages = ["."]
  pruneopts = "NUT"
  revision = "76626ae9c91c4f2a10f34cad8ce83ea42c93bb75"
  version = "v1.0"

[[projects]]
  branch = "develop"
  digest = "1:5ec96530838ec8dfc68abb6e443a80f982d6295c4f8d4d85171ec1837e7c0a7d"
  name = "github.com/palantir/go-baseapp"
  packages = [
    "baseapp",
    "baseapp/datadog",
    "pkg/errfmt",
  ]
  pruneopts = "NUT"
  revision = "47d033114f8e6941d5e6bb4b04e7c47ac91dea21"

[[projects]]
  branch = "develop"
  digest = "1:a48a15781028337572d7fae6818d362623ece5ce697e4b576b6ba671a867f151"
  name = "github.com/palantir/go-githubapp"
  packages = ["githubapp"]
  pruneopts = "NUT"
  revision = "18a0cc3dee67ff3fec3e0926e40ff1bfb76f189b"

[[projects]]
  digest = "1:14715f705ff5dfe0ffd6571d7d201dd8e921030f8070321a79380d8ca4ec1a24"
  name = "github.com/pkg/errors"
  packages = ["."]
  pruneopts = "NUT"
  revision = "ba968bfe8b2f7e042a574c888954fccecfa385b4"
  version = "v0.8.1"

[[projects]]
  digest = "1:0028cb19b2e4c3112225cd871870f2d9cf49b9b4276531f03438a88e94be86fe"
  name = "github.com/pmezard/go-difflib"
  packages = ["difflib"]
  pruneopts = "NUT"
  revision = "792786c7400a136282c1664665ae0a8db921c6c2"
  version = "v1.0.0"

[[projects]]
  branch = "master"
  digest = "1:120b256a4d3cd2946ffa4b87102731c2f004aed6d836dc2fba400ed9398696e7"
  name = "github.com/rcrowley/go-metrics"
  packages = ["."]
  pruneopts = "NUT"
  revision = "3113b8401b8a98917cde58f8bbd42a1b1c03b1fd"

[[projects]]
  digest = "1:0975c74a2cd70df6c2ae353c6283a25ce759dda7e1e706e5c07458baf3faca22"
  name = "github.com/rs/xid"
  packages = ["."]
  pruneopts = "NUT"
  revision = "15d26544def341f036c5f8dca987a4cbe575032c"
  version = "v1.2.1"

[[projects]]
  digest = "1:cf4f659a1f067a025558b424c25e4abd1f9b6d9c7304f6fc8dc6323179999734"
  name = "github.com/rs/zerolog"
  packages = [
    ".",
    "hlog",
    "internal/cbor",
    "internal/json",
    "log",
  ]
  pruneopts = "NUT"
  revision = "651d361cfeb9d0f5b9f1d14b162c66c82509ef6d"
  version = "v1.13.0"

[[projects]]
  branch = "master"
  digest = "1:4675616c7da5fbf539e43bfe8addaba617e1e15c1bc2ff122292825cb93a8548"
  name = "github.com/shurcooL/githubv4"
  packages = ["."]
  pruneopts = "NUT"
  revision = "d9689b59501712371c702f54e9573531888d52fe"

[[projects]]
  branch = "master"
  digest = "1:ae48f0f40520744c5e6c603b61a16cfe0e4c778360fd53c7c8e2eeaa14b283c6"
  name = "github.com/shurcooL/graphql"
  packages = [
    ".",
    "ident",
    "internal/jsonutil",
  ]
  pruneopts = "NUT"
  revision = "d48a9a75455f6af30244670bc0c9d0e38e7392b5"

[[projects]]
  digest = "1:343d44e06621142ab09ae0c76c1799104cdfddd3ffb445d78b1adf8dc3ffaf3d"
  name = "github.com/spf13/cobra"
  packages = ["."]
  pruneopts = "NUT"
  revision = "ef82de70bb3f60c65fb8eebacbb2d122ef517385"
  version = "v0.0.3"

[[projects]]
  digest = "1:9d8420bbf131d1618bde6530af37c3799340d3762cc47210c1d9532a4c3a2779"
  name = "github.com/spf13/pflag"
  packages = ["."]
  pruneopts = "NUT"
  revision = "298182f68c66c05229eb03ac171abe6e309ee79a"
  version = "v1.0.3"

[[projects]]
  digest = "1:85adecf1dbfae5769cc62a8bcea6498f8e9f0e2452e4e6686eb36fa4428a5a6e"
  name = "github.com/stretchr/testify"
  packages = [
    "assert",
    "require",
  ]
  pruneopts = "NUT"
  revision = "ffdc059bfe9ce6a4e144ba849dbedead332c6053"
  version = "v1.3.0"

[[projects]]
  digest = "1:f23222558887a5919f8e9021ecb205395de463f031dd0c049e6e8e547b57c3f4"
  name = "github.com/zenazn/goji"
  packages = ["web/mutil"]
  pruneopts = "NUT"
  revision = "64eb34159fe53473206c2b3e70fe396a639452f2"
  version = "v1.0"

[[projects]]
  digest = "1:6fdeb16154fb0202be42be33e6f891dd768fe391dbc23cc8e18599c536e4c37f"
  name = "goji.io"
  packages = [
    ".",
    "internal",
    "pat",
    "pattern",
  ]
  pruneopts = "NUT"
  revision = "490b001d03d16a116d7c44d95d216c69a1aae798"
  version = "v2.0.2"

[[projects]]
  branch = "master"
  digest = "1:7ccb2dbb79f60b4e530c7dc3a0b3681b3869cf7ea91c645735e4dd4e6e3264fd"
  name = "golang.org/x/net"
  packages = ["context/ctxhttp"]
  pruneopts = "NUT"
  revision = "1272bf9dcd53ea65c09668fb4c76e65deb740072"

[[projects]]
  branch = "master"
  digest = "1:4d25d388c9ad5169b31c1a6f16cc7bcdb856489958e99f2123d8d8cdf000d7eb"
  name = "golang.org/x/oauth2"
  packages = [
    ".",
    "internal",
  ]
  pruneopts = "NUT"
  revision = "c85d3e98c914e3a33234ad863dcbff5dbc425bb8"

[[projects]]
  digest = "1:18108594151654e9e696b27b181b953f9a90b16bf14d253dd1b397b025a1487f"
  name = "gopkg.in/yaml.v2"
  packages = ["."]
  pruneopts = "NUT"
  revision = "51d6538a90f86fe93ac480b35f37b2be17fef232"
  version = "v2.2.2"

[solve-meta]
  analyzer-name = "dep"
  analyzer-version = 1
  input-imports = [
    "github.com/die-net/lrucache",
    "github.com/google/go-github/github",
    "github.com/gregjones/httpcache",
    "github.com/palantir/go-baseapp/baseapp",
    "github.com/palantir/go-baseapp/baseapp/datadog",
    "github.com/palantir/go-baseapp/pkg/errfmt",
    "github.com/palantir/go-githubapp/githubapp",
    "github.com/pkg/errors",
    "github.com/rs/zerolog",
    "github.com/spf13/cobra",
    "github.com/stretchr/testify/assert",
    "github.com/stretchr/testify/require",
    "goji.io/pat",
    "gopkg.in/yaml.v2",
  ]
  solver-name = "gps-cdcl"
  solver-version = 1
